{
  "name": "prime-agent-pxpipe",
  "version": "1.2.1",
  "lockfileVersion": 3,
  "requires": true,
  "packages": {
    "": {
      "name": "prime-agent-pxpipe",
      "version": "1.2.1",
      "license": "MIT",
      "dependencies": {
        "pxpipe-proxy": "0.13.1"
      },
      "engines": {
        "node": ">=20"
      }
    },
    "node_modules/gpt-tokenizer": {
      "version": "3.4.0",
      "resolved": "https://registry.npmjs.org/gpt-tokenizer/-/gpt-tokenizer-3.4.0.tgz",
      "integrity": "sha512-wxFLnhIXTDjYebd9A9pGl3e31ZpSypbpIJSOswbgop5jLte/AsZVDvjlbEuVFlsqZixVKqbcoNmRlFDf6pz/UQ==",
      "license": "MIT"
    },
    "node_modules/pxpipe-proxy": {
      "version": "0.13.1",
      "resolved": "https://registry.npmjs.org/pxpipe-proxy/-/pxpipe-proxy-0.13.1.tgz",
      "integrity": "sha512-DPIlMqp4g5VaIMMYpPal7W3QYzjlsVLpTV7/0Lxr9Zt0+GtgtmJOaRm0x9CP5OgFRrYEJG/rmsKrgG64PRqC7Q==",
      "license": "MIT",
      "dependencies": {
        "gpt-tokenizer": "^3.4.0"
      },
      "bin": {
        "pxpipe": "bin/cli.js"
      },
      "engines": {
        "node": ">=20.19"
      }
    }
  }
}
